
Microsoft Visual Studio Solution File, Format Version 12.00
# Visual Studio 14
VisualStudioVersion = 14.0.25420.1
MinimumVisualStudioVersion = 10.0.40219.1
Project("{FAE04EC0-301F-11D3-BF4B-00C04F79EFBC}") = "FRF_Form_test", "FRF_Form_test\FRF_Form_test.csproj", "{2DC149B2-FA86-4CB1-8AB0-4DAF66597DB1}"
EndProject
Project("{FAE04EC0-301F-11D3-BF4B-00C04F79EFBC}") = "Optimization", "GA\Optimization.csproj", "{E472B8FD-F2F6-4F4F-8D20-F9849F91416A}"
EndProject
Project("{FAE04EC0-301F-11D3-BF4B-00C04F79EFBC}") = "Interfaces", "Optimization\Interfaces.csproj", "{04BE3B2A-0620-4622-B3A4-EF952594425B}"
EndProject
Project("{FAE04EC0-301F-11D3-BF4B-00C04F79EFBC}") = "testingGeneticAlgorithm", "testingGeneticAlgorithm\testingGeneticAlgorithm.csproj", "{86908CBD-543A-49DD-9E8B-C51FC2FE2871}"
EndProject
Global
	GlobalSection(SolutionConfigurationPlatforms) = preSolution
		Debug|Any CPU = Debug|Any CPU
		Debug|x86 = Debug|x86
		Release|Any CPU = Release|Any CPU
		Release|x86 = Release|x86
	EndGlobalSection
	GlobalSection(ProjectConfigurationPlatforms) = postSolution
		{2DC149B2-FA86-4CB1-8AB0-4DAF66597DB1}.Debug|Any CPU.ActiveCfg = Debug|x86
		{2DC149B2-FA86-4CB1-8AB0-4DAF66597DB1}.Debug|x86.ActiveCfg = Debug|x86
		{2DC149B2-FA86-4CB1-8AB0-4DAF66597DB1}.Debug|x86.Build.0 = Debug|x86
		{2DC149B2-FA86-4CB1-8AB0-4DAF66597DB1}.Release|Any CPU.ActiveCfg = Release|x86
		{2DC149B2-FA86-4CB1-8AB0-4DAF66597DB1}.Release|x86.ActiveCfg = Release|x86
		{2DC149B2-FA86-4CB1-8AB0-4DAF66597DB1}.Release|x86.Build.0 = Release|x86
		{E472B8FD-F2F6-4F4F-8D20-F9849F91416A}.Debug|Any CPU.ActiveCfg = Debug|Any CPU
		{E472B8FD-F2F6-4F4F-8D20-F9849F91416A}.Debug|Any CPU.Build.0 = Debug|Any CPU
		{E472B8FD-F2F6-4F4F-8D20-F9849F91416A}.Debug|x86.ActiveCfg = Debug|Any CPU
		{E472B8FD-F2F6-4F4F-8D20-F9849F91416A}.Debug|x86.Build.0 = Debug|Any CPU
		{E472B8FD-F2F6-4F4F-8D20-F9849F91416A}.Release|Any CPU.ActiveCfg = Release|Any CPU
		{E472B8FD-F2F6-4F4F-8D20-F9849F91416A}.Release|Any CPU.Build.0 = Release|Any CPU
		{E472B8FD-F2F6-4F4F-8D20-F9849F91416A}.Release|x86.ActiveCfg = Release|Any CPU
		{E472B8FD-F2F6-4F4F-8D20-F9849F91416A}.Release|x86.Build.0 = Release|Any CPU
		{04BE3B2A-0620-4622-B3A4-EF952594425B}.Debug|Any CPU.ActiveCfg = Debug|Any CPU
		{04BE3B2A-0620-4622-B3A4-EF952594425B}.Debug|Any CPU.Build.0 = Debug|Any CPU
		{04BE3B2A-0620-4622-B3A4-EF952594425B}.Debug|x86.ActiveCfg = Debug|Any CPU
		{04BE3B2A-0620-4622-B3A4-EF952594425B}.Debug|x86.Build.0 = Debug|Any CPU
		{04BE3B2A-0620-4622-B3A4-EF952594425B}.Release|Any CPU.ActiveCfg = Release|Any CPU
		{04BE3B2A-0620-4622-B3A4-EF952594425B}.Release|Any CPU.Build.0 = Release|Any CPU
		{04BE3B2A-0620-4622-B3A4-EF952594425B}.Release|x86.ActiveCfg = Release|Any CPU
		{04BE3B2A-0620-4622-B3A4-EF952594425B}.Release|x86.Build.0 = Release|Any CPU
		{86908CBD-543A-49DD-9E8B-C51FC2FE2871}.Debug|Any CPU.ActiveCfg = Debug|Any CPU
		{86908CBD-543A-49DD-9E8B-C51FC2FE2871}.Debug|Any CPU.Build.0 = Debug|Any CPU
		{86908CBD-543A-49DD-9E8B-C51FC2FE2871}.Debug|x86.ActiveCfg = Debug|Any CPU
		{86908CBD-543A-49DD-9E8B-C51FC2FE2871}.Debug|x86.Build.0 = Debug|Any CPU
		{86908CBD-543A-49DD-9E8B-C51FC2FE2871}.Release|Any CPU.ActiveCfg = Release|Any CPU
		{86908CBD-543A-49DD-9E8B-C51FC2FE2871}.Release|Any CPU.Build.0 = Release|Any CPU
		{86908CBD-543A-49DD-9E8B-C51FC2FE2871}.Release|x86.ActiveCfg = Release|Any CPU
		{86908CBD-543A-49DD-9E8B-C51FC2FE2871}.Release|x86.Build.0 = Release|Any CPU
	EndGlobalSection
	GlobalSection(SolutionProperties) = preSolution
		HideSolutionNode = FALSE
	EndGlobalSection
EndGlobal
